// !$*UTF8*$!
{
	archiveVersion = 1;
	classes = {
	};
	objectVersion = 56;
	objects = {

/* Begin PBXBuildFile section */
		7DD5C8EC2ACAD01C0052232E /* SnapshotTesting in Frameworks */ = {isa = PBXBuildFile; productRef = 7DD5C8EB2ACAD01C0052232E /* SnapshotTesting */; };
		7DD5C8EE2ACAD0420052232E /* InlineSnapshotTesting in Frameworks */ = {isa = PBXBuildFile; productRef = 7DD5C8ED2ACAD0420052232E /* InlineSnapshotTesting */; };
		7DD5C8F02ACAD0870052232E /* InlineSnapshotTesting in Frameworks */ = {isa = PBXBuildFile; productRef = 7DD5C8EF2ACAD0870052232E /* InlineSnapshotTesting */; };
		7DD5C8F22ACAD0870052232E /* SnapshotTesting in Frameworks */ = {isa = PBXBuildFile; productRef = 7DD5C8F12ACAD0870052232E /* SnapshotTesting */; };
		7DD5C8F52ACAD2F40052232E /* OrangeViewController.swift in Sources */ = {isa = PBXBuildFile; fileRef = 7DFF233F2ACACC7F0082D918 /* OrangeViewController.swift */; };
		7DFF23062ACAC4630082D918 /* AppDelegate.swift in Sources */ = {isa = PBXBuildFile; fileRef = 7DFF23052ACAC4630082D918 /* AppDelegate.swift */; };
		7DFF23082ACAC4630082D918 /* SceneDelegate.swift in Sources */ = {isa = PBXBuildFile; fileRef = 7DFF23072ACAC4630082D918 /* SceneDelegate.swift */; };
		7DFF230A2ACAC4630082D918 /* ViewController.swift in Sources */ = {isa = PBXBuildFile; fileRef = 7DFF23092ACAC4630082D918 /* ViewController.swift */; };
		7DFF230F2ACAC4640082D918 /* Assets.xcassets in Resources */ = {isa = PBXBuildFile; fileRef = 7DFF230E2ACAC4640082D918 /* Assets.xcassets */; };
		7DFF23122ACAC4640082D918 /* LaunchScreen.storyboard in Resources */ = {isa = PBXBuildFile; fileRef = 7DFF23102ACAC4640082D918 /* LaunchScreen.storyboard */; };
		7DFF231D2ACAC4640082D918 /* SnapshotDemoAppTests.swift in Sources */ = {isa = PBXBuildFile; fileRef = 7DFF231C2ACAC4640082D918 /* SnapshotDemoAppTests.swift */; };
		7DFF23272ACAC4640082D918 /* SnapshotDemoAppUITests.swift in Sources */ = {isa = PBXBuildFile; fileRef = 7DFF23262ACAC4640082D918 /* SnapshotDemoAppUITests.swift */; };
		7DFF23292ACAC4640082D918 /* SnapshotDemoAppUITestsLaunchTests.swift in Sources */ = {isa = PBXBuildFile; fileRef = 7DFF23282ACAC4640082D918 /* SnapshotDemoAppUITestsLaunchTests.swift */; };
		7DFF23402ACACC7F0082D918 /* OrangeViewController.swift in Sources */ = {isa = PBXBuildFile; fileRef = 7DFF233F2ACACC7F0082D918 /* OrangeViewController.swift */; };
/* End PBXBuildFile section */

/* Begin PBXContainerItemProxy section */
		7DFF23192ACAC4640082D918 /* PBXContainerItemProxy */ = {
			isa = PBXContainerItemProxy;
			containerPortal = 7DFF22FA2ACAC4630082D918 /* Project object */;
			proxyType = 1;
			remoteGlobalIDString = 7DFF23012ACAC4630082D918;
			remoteInfo = SnapshotDemoApp;
		};
		7DFF23232ACAC4640082D918 /* PBXContainerItemProxy */ = {
			isa = PBXContainerItemProxy;
			containerPortal = 7DFF22FA2ACAC4630082D918 /* Project object */;
			proxyType = 1;
			remoteGlobalIDString = 7DFF23012ACAC4630082D918;
			remoteInfo = SnapshotDemoApp;
		};
/* End PBXContainerItemProxy section */

/* Begin PBXFileReference section */
		7DFF23022ACAC4630082D918 /* SnapshotDemoApp.app */ = {isa = PBXFileReference; explicitFileType = wrapper.application; includeInIndex = 0; path = SnapshotDemoApp.app; sourceTree = BUILT_PRODUCTS_DIR; };
		7DFF23052ACAC4630082D918 /* AppDelegate.swift */ = {isa = PBXFileReference; lastKnownFileType = sourcecode.swift; path = AppDelegate.swift; sourceTree = "<group>"; };
		7DFF23072ACAC4630082D918 /* SceneDelegate.swift */ = {isa = PBXFileReference; lastKnownFileType = sourcecode.swift; path = SceneDelegate.swift; sourceTree = "<group>"; };
		7DFF23092ACAC4630082D918 /* ViewController.swift */ = {isa = PBXFileReference; lastKnownFileType = sourcecode.swift; path = ViewController.swift; sourceTree = "<group>"; };
		7DFF230E2ACAC4640082D918 /* Assets.xcassets */ = {isa = PBXFileReference; lastKnownFileType = folder.assetcatalog; path = Assets.xcassets; sourceTree = "<group>"; };
		7DFF23112ACAC4640082D918 /* Base */ = {isa = PBXFileReference; lastKnownFileType = file.storyboard; name = Base; path = Base.lproj/LaunchScreen.storyboard; sourceTree = "<group>"; };
		7DFF23132ACAC4640082D918 /* Info.plist */ = {isa = PBXFileReference; lastKnownFileType = text.plist.xml; path = Info.plist; sourceTree = "<group>"; };
		7DFF23182ACAC4640082D918 /* SnapshotDemoAppTests.xctest */ = {isa = PBXFileReference; explicitFileType = wrapper.cfbundle; includeInIndex = 0; path = SnapshotDemoAppTests.xctest; sourceTree = BUILT_PRODUCTS_DIR; };
		7DFF231C2ACAC4640082D918 /* SnapshotDemoAppTests.swift */ = {isa = PBXFileReference; lastKnownFileType = sourcecode.swift; path = SnapshotDemoAppTests.swift; sourceTree = "<group>"; };
		7DFF23222ACAC4640082D918 /* SnapshotDemoAppUITests.xctest */ = {isa = PBXFileReference; explicitFileType = wrapper.cfbundle; includeInIndex = 0; path = SnapshotDemoAppUITests.xctest; sourceTree = BUILT_PRODUCTS_DIR; };
		7DFF23262ACAC4640082D918 /* SnapshotDemoAppUITests.swift */ = {isa = PBXFileReference; lastKnownFileType = sourcecode.swift; path = SnapshotDemoAppUITests.swift; sourceTree = "<group>"; };
		7DFF23282ACAC4640082D918 /* SnapshotDemoAppUITestsLaunchTests.swift */ = {isa = PBXFileReference; lastKnownFileType = sourcecode.swift; path = SnapshotDemoAppUITestsLaunchTests.swift; sourceTree = "<group>"; };
		7DFF233F2ACACC7F0082D918 /* OrangeViewController.swift */ = {isa = PBXFileReference; lastKnownFileType = sourcecode.swift; path = OrangeViewController.swift; sourceTree = "<group>"; };
/* End PBXFileReference section */

/* Begin PBXFrameworksBuildPhase section */
		7DFF22FF2ACAC4630082D918 /* Frameworks */ = {
			isa = PBXFrameworksBuildPhase;
			buildActionMask = 2147483647;
			files = (
			);
			runOnlyForDeploymentPostprocessing = 0;
		};
		7DFF23152ACAC4640082D918 /* Frameworks */ = {
			isa = PBXFrameworksBuildPhase;
			buildActionMask = 2147483647;
			files = (
				7DD5C8F02ACAD0870052232E /* InlineSnapshotTesting in Frameworks */,
				7DD5C8F22ACAD0870052232E /* SnapshotTesting in Frameworks */,
			);
			runOnlyForDeploymentPostprocessing = 0;
		};
		7DFF231F2ACAC4640082D918 /* Frameworks */ = {
			isa = PBXFrameworksBuildPhase;
			buildActionMask = 2147483647;
			files = (
				7DD5C8EE2ACAD0420052232E /* InlineSnapshotTesting in Frameworks */,
				7DD5C8EC2ACAD01C0052232E /* SnapshotTesting in Frameworks */,
			);
			runOnlyForDeploymentPostprocessing = 0;
		};
/* End PBXFrameworksBuildPhase section */

/* Begin PBXGroup section */
		7DD5C8EA2ACAD01C0052232E /* Frameworks */ = {
			isa = PBXGroup;
			children = (
			);
			name = Frameworks;
			sourceTree = "<group>";
		};
		7DFF22F92ACAC4630082D918 = {
			isa = PBXGroup;
			children = (
				7DFF23042ACAC4630082D918 /* SnapshotDemoApp */,
				7DFF231B2ACAC4640082D918 /* SnapshotDemoAppTests */,
				7DFF23252ACAC4640082D918 /* SnapshotDemoAppUITests */,
				7DFF23032ACAC4630082D918 /* Products */,
				7DD5C8EA2ACAD01C0052232E /* Frameworks */,
			);
			sourceTree = "<group>";
		};
		7DFF23032ACAC4630082D918 /* Products */ = {
			isa = PBXGroup;
			children = (
				7DFF23022ACAC4630082D918 /* SnapshotDemoApp.app */,
				7DFF23182ACAC4640082D918 /* SnapshotDemoAppTests.xctest */,
				7DFF23222ACAC4640082D918 /* SnapshotDemoAppUITests.xctest */,
			);
			name = Products;
			sourceTree = "<group>";
		};
		7DFF23042ACAC4630082D918 /* SnapshotDemoApp */ = {
			isa = PBXGroup;
			children = (
				7DFF23052ACAC4630082D918 /* AppDelegate.swift */,
				7DFF23072ACAC4630082D918 /* SceneDelegate.swift */,
				7DFF23092ACAC4630082D918 /* ViewController.swift */,
				7DFF230E2ACAC4640082D918 /* Assets.xcassets */,
				7DFF23102ACAC4640082D918 /* LaunchScreen.storyboard */,
				7DFF23132ACAC4640082D918 /* Info.plist */,
				7DFF233F2ACACC7F0082D918 /* OrangeViewController.swift */,
			);
			path = SnapshotDemoApp;
			sourceTree = "<group>";
		};
		7DFF231B2ACAC4640082D918 /* SnapshotDemoAppTests */ = {
			isa = PBXGroup;
			children = (
				7DFF231C2ACAC4640082D918 /* SnapshotDemoAppTests.swift */,
			);
			path = SnapshotDemoAppTests;
			sourceTree = "<group>";
		};
		7DFF23252ACAC4640082D918 /* SnapshotDemoAppUITests */ = {
			isa = PBXGroup;
			children = (
				7DFF23262ACAC4640082D918 /* SnapshotDemoAppUITests.swift */,
				7DFF23282ACAC4640082D918 /* SnapshotDemoAppUITestsLaunchTests.swift */,
			);
			path = SnapshotDemoAppUITests;
			sourceTree = "<group>";
		};
/* End PBXGroup section */

/* Begin PBXNativeTarget section */
		7DFF23012ACAC4630082D918 /* SnapshotDemoApp */ = {
			isa = PBXNativeTarget;
			buildConfigurationList = 7DFF232C2ACAC4640082D918 /* Build configuration list for PBXNativeTarget "SnapshotDemoApp" */;
			buildPhases = (
				7DFF22FE2ACAC4630082D918 /* Sources */,
				7DFF22FF2ACAC4630082D918 /* Frameworks */,
				7DFF23002ACAC4630082D918 /* Resources */,
			);
			buildRules = (
			);
			dependencies = (
			);
			name = SnapshotDemoApp;
			productName = SnapshotDemoApp;
			productReference = 7DFF23022ACAC4630082D918 /* SnapshotDemoApp.app */;
			productType = "com.apple.product-type.application";
		};
		7DFF23172ACAC4640082D918 /* SnapshotDemoAppTests */ = {
			isa = PBXNativeTarget;
			buildConfigurationList = 7DFF232F2ACAC4640082D918 /* Build configuration list for PBXNativeTarget "SnapshotDemoAppTests" */;
			buildPhases = (
				7DFF23142ACAC4640082D918 /* Sources */,
				7DFF23152ACAC4640082D918 /* Frameworks */,
				7DFF23162ACAC4640082D918 /* Resources */,
			);
			buildRules = (
			);
			dependencies = (
				7DFF231A2ACAC4640082D918 /* PBXTargetDependency */,
			);
			name = SnapshotDemoAppTests;
			packageProductDependencies = (
				7DD5C8EF2ACAD0870052232E /* InlineSnapshotTesting */,
				7DD5C8F12ACAD0870052232E /* SnapshotTesting */,
			);
			productName = SnapshotDemoAppTests;
			productReference = 7DFF23182ACAC4640082D918 /* SnapshotDemoAppTests.xctest */;
			productType = "com.apple.product-type.bundle.unit-test";
		};
		7DFF23212ACAC4640082D918 /* SnapshotDemoAppUITests */ = {
			isa = PBXNativeTarget;
			buildConfigurationList = 7DFF23322ACAC4640082D918 /* Build configuration list for PBXNativeTarget "SnapshotDemoAppUITests" */;
			buildPhases = (
				7DFF231E2ACAC4640082D918 /* Sources */,
				7DFF231F2ACAC4640082D918 /* Frameworks */,
				7DFF23202ACAC4640082D918 /* Resources */,
			);
			buildRules = (
			);
			dependencies = (
				7DFF23242ACAC4640082D918 /* PBXTargetDependency */,
			);
			name = SnapshotDemoAppUITests;
			packageProductDependencies = (
				7DD5C8EB2ACAD01C0052232E /* SnapshotTesting */,
				7DD5C8ED2ACAD0420052232E /* InlineSnapshotTesting */,
			);
			productName = SnapshotDemoAppUITests;
			productReference = 7DFF23222ACAC4640082D918 /* SnapshotDemoAppUITests.xctest */;
			productType = "com.apple.product-type.bundle.ui-testing";
		};
/* End PBXNativeTarget section */

/* Begin PBXProject section */
		7DFF22FA2ACAC4630082D918 /* Project object */ = {
			isa = PBXProject;
			attributes = {
				BuildIndependentTargetsInParallel = 1;
				LastSwiftUpdateCheck = 1500;
				LastUpgradeCheck = 1500;
				TargetAttributes = {
					7DFF23012ACAC4630082D918 = {
						CreatedOnToolsVersion = 15.0;
					};
					7DFF23172ACAC4640082D918 = {
						CreatedOnToolsVersion = 15.0;
						TestTargetID = 7DFF23012ACAC4630082D918;
					};
					7DFF23212ACAC4640082D918 = {
						CreatedOnToolsVersion = 15.0;
						TestTargetID = 7DFF23012ACAC4630082D918;
					};
				};
			};
			buildConfigurationList = 7DFF22FD2ACAC4630082D918 /* Build configuration list for PBXProject "SnapshotDemoApp" */;
			compatibilityVersion = "Xcode 14.0";
			developmentRegion = en;
			hasScannedForEncodings = 0;
			knownRegions = (
				en,
				Base,
			);
			mainGroup = 7DFF22F92ACAC4630082D918;
			packageReferences = (
				7DD5C8E52ACACFB30052232E /* XCRemoteSwiftPackageReference "swift-snapshot-testing" */,
			);
			productRefGroup = 7DFF23032ACAC4630082D918 /* Products */;
			projectDirPath = "";
			projectRoot = "";
			targets = (
				7DFF23012ACAC4630082D918 /* SnapshotDemoApp */,
				7DFF23172ACAC4640082D918 /* SnapshotDemoAppTests */,
				7DFF23212ACAC4640082D918 /* SnapshotDemoAppUITests */,
			);
		};
/* End PBXProject section */

/* Begin PBXResourcesBuildPhase section */
		7DFF23002ACAC4630082D918 /* Resources */ = {
			isa = PBXResourcesBuildPhase;
			buildActionMask = 2147483647;
			files = (
				7DFF23122ACAC4640082D918 /* LaunchScreen.storyboard in Resources */,
				7DFF230F2ACAC4640082D918 /* Assets.xcassets in Resources */,
			);
			runOnlyForDeploymentPostprocessing = 0;
		};
		7DFF23162ACAC4640082D918 /* Resources */ = {
			isa = PBXResourcesBuildPhase;
			buildActionMask = 2147483647;
			files = (
			);
			runOnlyForDeploymentPostprocessing = 0;
		};
		7DFF23202ACAC4640082D918 /* Resources */ = {
			isa = PBXResourcesBuildPhase;
			buildActionMask = 2147483647;
			files = (
			);
			runOnlyForDeploymentPostprocessing = 0;
		};
/* End PBXResourcesBuildPhase section */

/* Begin PBXSourcesBuildPhase section */
		7DFF22FE2ACAC4630082D918 /* Sources */ = {
			isa = PBXSourcesBuildPhase;
			buildActionMask = 2147483647;
			files = (
				7DFF23402ACACC7F0082D918 /* OrangeViewController.swift in Sources */,
				7DFF230A2ACAC4630082D918 /* ViewController.swift in Sources */,
				7DFF23062ACAC4630082D918 /* AppDelegate.swift in Sources */,
				7DFF23082ACAC4630082D918 /* SceneDelegate.swift in Sources */,
			);
			runOnlyForDeploymentPostprocessing = 0;
		};
		7DFF23142ACAC4640082D918 /* Sources */ = {
			isa = PBXSourcesBuildPhase;
			buildActionMask = 2147483647;
			files = (
				7DFF231D2ACAC4640082D918 /* SnapshotDemoAppTests.swift in Sources */,
			);
			runOnlyForDeploymentPostprocessing = 0;
		};
		7DFF231E2ACAC4640082D918 /* Sources */ = {
			isa = PBXSourcesBuildPhase;
			buildActionMask = 2147483647;
			files = (
				7DFF23272ACAC4640082D918 /* SnapshotDemoAppUITests.swift in Sources */,
				7DFF23292ACAC4640082D918 /* SnapshotDemoAppUITestsLaunchTests.swift in Sources */,
				7DD5C8F52ACAD2F40052232E /* OrangeViewController.swift in Sources */,
			);
			runOnlyForDeploymentPostprocessing = 0;
		};
/* End PBXSourcesBuildPhase section */

/* Begin PBXTargetDependency section */
		7DFF231A2ACAC4640082D918 /* PBXTargetDependency */ = {
			isa = PBXTargetDependency;
			target = 7DFF23012ACAC4630082D918 /* SnapshotDemoApp */;
			targetProxy = 7DFF23192ACAC4640082D918 /* PBXContainerItemProxy */;
		};
		7DFF23242ACAC4640082D918 /* PBXTargetDependency */ = {
			isa = PBXTargetDependency;
			target = 7DFF23012ACAC4630082D918 /* SnapshotDemoApp */;
			targetProxy = 7DFF23232ACAC4640082D918 /* PBXContainerItemProxy */;
		};
/* End PBXTargetDependency section */

/* Begin PBXVariantGroup section */
		7DFF23102ACAC4640082D918 /* LaunchScreen.storyboard */ = {
			isa = PBXVariantGroup;
			children = (
				7DFF23112ACAC4640082D918 /* Base */,
			);
			name = LaunchScreen.storyboard;
			sourceTree = "<group>";
		};
/* End PBXVariantGroup section */

/* Begin XCBuildConfiguration section */
		7DFF232A2ACAC4640082D918 /* Debug */ = {
			isa = XCBuildConfiguration;
			buildSettings = {
				ALWAYS_SEARCH_USER_PATHS = NO;
				ASSETCATALOG_COMPILER_GENERATE_SWIFT_ASSET_SYMBOL_EXTENSIONS = YES;
				CLANG_ANALYZER_NONNULL = YES;
				CLANG_ANALYZER_NUMBER_OBJECT_CONVERSION = YES_AGGRESSIVE;
				CLANG_CXX_LANGUAGE_STANDARD = "gnu++20";
				CLANG_ENABLE_MODULES = YES;
				CLANG_ENABLE_OBJC_ARC = YES;
				CLANG_ENABLE_OBJC_WEAK = YES;
				CLANG_WARN_BLOCK_CAPTURE_AUTORELEASING = YES;
				CLANG_WARN_BOOL_CONVERSION = YES;
				CLANG_WARN_COMMA = YES;
				CLANG_WARN_CONSTANT_CONVERSION = YES;
				CLANG_WARN_DEPRECATED_OBJC_IMPLEMENTATIONS = YES;
				CLANG_WARN_DIRECT_OBJC_ISA_USAGE = YES_ERROR;
				CLANG_WARN_DOCUMENTATION_COMMENTS = YES;
				CLANG_WARN_EMPTY_BODY = YES;
				CLANG_WARN_ENUM_CONVERSION = YES;
				CLANG_WARN_INFINITE_RECURSION = YES;
				CLANG_WARN_INT_CONVERSION = YES;
				CLANG_WARN_NON_LITERAL_NULL_CONVERSION = YES;
				CLANG_WARN_OBJC_IMPLICIT_RETAIN_SELF = YES;
				CLANG_WARN_OBJC_LITERAL_CONVERSION = YES;
				CLANG_WARN_OBJC_ROOT_CLASS = YES_ERROR;
				CLANG_WARN_QUOTED_INCLUDE_IN_FRAMEWORK_HEADER = YES;
				CLANG_WARN_RANGE_LOOP_ANALYSIS = YES;
				CLANG_WARN_STRICT_PROTOTYPES = YES;
				CLANG_WARN_SUSPICIOUS_MOVE = YES;
				CLANG_WARN_UNGUARDED_AVAILABILITY = YES_AGGRESSIVE;
				CLANG_WARN_UNREACHABLE_CODE = YES;
				CLANG_WARN__DUPLICATE_METHOD_MATCH = YES;
				COPY_PHASE_STRIP = NO;
				DEBUG_INFORMATION_FORMAT = dwarf;
				ENABLE_STRICT_OBJC_MSGSEND = YES;
				ENABLE_TESTABILITY = YES;
				ENABLE_USER_SCRIPT_SANDBOXING = YES;
				GCC_C_LANGUAGE_STANDARD = gnu17;
				GCC_DYNAMIC_NO_PIC = NO;
				GCC_NO_COMMON_BLOCKS = YES;
				GCC_OPTIMIZATION_LEVEL = 0;
				GCC_PREPROCESSOR_DEFINITIONS = (
					"DEBUG=1",
					"$(inherited)",
				);
				GCC_WARN_64_TO_32_BIT_CONVERSION = YES;
				GCC_WARN_ABOUT_RETURN_TYPE = YES_ERROR;
				GCC_WARN_UNDECLARED_SELECTOR = YES;
				GCC_WARN_UNINITIALIZED_AUTOS = YES_AGGRESSIVE;
				GCC_WARN_UNUSED_FUNCTION = YES;
				GCC_WARN_UNUSED_VARIABLE = YES;
				IPHONEOS_DEPLOYMENT_TARGET = 17.0;
				LOCALIZATION_PREFERS_STRING_CATALOGS = YES;
				MTL_ENABLE_DEBUG_INFO = INCLUDE_SOURCE;
				MTL_FAST_MATH = YES;
				ONLY_ACTIVE_ARCH = YES;
				SDKROOT = iphoneos;
				SWIFT_ACTIVE_COMPILATION_CONDITIONS = "DEBUG $(inherited)";
				SWIFT_OPTIMIZATION_LEVEL = "-Onone";
			};
			name = Debug;
		};
		7DFF232B2ACAC4640082D918 /* Release */ = {
			isa = XCBuildConfiguration;
			buildSettings = {
				ALWAYS_SEARCH_USER_PATHS = NO;
				ASSETCATALOG_COMPILER_GENERATE_SWIFT_ASSET_SYMBOL_EXTENSIONS = YES;
				CLANG_ANALYZER_NONNULL = YES;
				CLANG_ANALYZER_NUMBER_OBJECT_CONVERSION = YES_AGGRESSIVE;
				CLANG_CXX_LANGUAGE_STANDARD = "gnu++20";
				CLANG_ENABLE_MODULES = YES;
				CLANG_ENABLE_OBJC_ARC = YES;
				CLANG_ENABLE_OBJC_WEAK = YES;
				CLANG_WARN_BLOCK_CAPTURE_AUTORELEASING = YES;
				CLANG_WARN_BOOL_CONVERSION = YES;
				CLANG_WARN_COMMA = YES;
				CLANG_WARN_CONSTANT_CONVERSION = YES;
				CLANG_WARN_DEPRECATED_OBJC_IMPLEMENTATIONS = YES;
				CLANG_WARN_DIRECT_OBJC_ISA_USAGE = YES_ERROR;
				CLANG_WARN_DOCUMENTATION_COMMENTS = YES;
				CLANG_WARN_EMPTY_BODY = YES;
				CLANG_WARN_ENUM_CONVERSION = YES;
				CLANG_WARN_INFINITE_RECURSION = YES;
				CLANG_WARN_INT_CONVERSION = YES;
				CLANG_WARN_NON_LITERAL_NULL_CONVERSION = YES;
				CLANG_WARN_OBJC_IMPLICIT_RETAIN_SELF = YES;
				CLANG_WARN_OBJC_LITERAL_CONVERSION = YES;
				CLANG_WARN_OBJC_ROOT_CLASS = YES_ERROR;
				CLANG_WARN_QUOTED_INCLUDE_IN_FRAMEWORK_HEADER = YES;
				CLANG_WARN_RANGE_LOOP_ANALYSIS = YES;
				CLANG_WARN_STRICT_PROTOTYPES = YES;
				CLANG_WARN_SUSPICIOUS_MOVE = YES;
				CLANG_WARN_UNGUARDED_AVAILABILITY = YES_AGGRESSIVE;
				CLANG_WARN_UNREACHABLE_CODE = YES;
				CLANG_WARN__DUPLICATE_METHOD_MATCH = YES;
				COPY_PHASE_STRIP = NO;
				DEBUG_INFORMATION_FORMAT = "dwarf-with-dsym";
				ENABLE_NS_ASSERTIONS = NO;
				ENABLE_STRICT_OBJC_MSGSEND = YES;
				ENABLE_USER_SCRIPT_SANDBOXING = YES;
				GCC_C_LANGUAGE_STANDARD = gnu17;
				GCC_NO_COMMON_BLOCKS = YES;
				GCC_WARN_64_TO_32_BIT_CONVERSION = YES;
				GCC_WARN_ABOUT_RETURN_TYPE = YES_ERROR;
				GCC_WARN_UNDECLARED_SELECTOR = YES;
				GCC_WARN_UNINITIALIZED_AUTOS = YES_AGGRESSIVE;
				GCC_WARN_UNUSED_FUNCTION = YES;
				GCC_WARN_UNUSED_VARIABLE = YES;
				IPHONEOS_DEPLOYMENT_TARGET = 17.0;
				LOCALIZATION_PREFERS_STRING_CATALOGS = YES;
				MTL_ENABLE_DEBUG_INFO = NO;
				MTL_FAST_MATH = YES;
				SDKROOT = iphoneos;
				SWIFT_COMPILATION_MODE = wholemodule;
				VALIDATE_PRODUCT = YES;
			};
			name = Release;
		};
		7DFF232D2ACAC4640082D918 /* Debug */ = {
			isa = XCBuildConfiguration;
			buildSettings = {
				ASSETCATALOG_COMPILER_APPICON_NAME = AppIcon;
				ASSETCATALOG_COMPILER_GLOBAL_ACCENT_COLOR_NAME = AccentColor;
				CODE_SIGN_STYLE = Automatic;
				CURRENT_PROJECT_VERSION = 1;
				DEVELOPMENT_TEAM = U3JVKXBUR3;
				GENERATE_INFOPLIST_FILE = YES;
				INFOPLIST_FILE = SnapshotDemoApp/Info.plist;
				INFOPLIST_KEY_UIApplicationSupportsIndirectInputEvents = YES;
				INFOPLIST_KEY_UILaunchStoryboardName = LaunchScreen;
				INFOPLIST_KEY_UISupportedInterfaceOrientations_iPad = "UIInterfaceOrientationPortrait UIInterfaceOrientationPortraitUpsideDown UIInterfaceOrientationLandscapeLeft UIInterfaceOrientationLandscapeRight";
				INFOPLIST_KEY_UISupportedInterfaceOrientations_iPhone = "UIInterfaceOrientationPortrait UIInterfaceOrientationLandscapeLeft UIInterfaceOrientationLandscapeRight";
				LD_RUNPATH_SEARCH_PATHS = (
					"$(inherited)",
					"@executable_path/Frameworks",
				);
				MARKETING_VERSION = 1.0;
				PRODUCT_BUNDLE_IDENTIFIER = nz.co.appjedi.SnapshotDemoApp;
				PRODUCT_NAME = "$(TARGET_NAME)";
				SWIFT_EMIT_LOC_STRINGS = YES;
				SWIFT_VERSION = 5.0;
				TARGETED_DEVICE_FAMILY = "1,2";
			};
			name = Debug;
		};
		7DFF232E2ACAC4640082D918 /* Release */ = {
			isa = XCBuildConfiguration;
			buildSettings = {
				ASSETCATALOG_COMPILER_APPICON_NAME = AppIcon;
				ASSETCATALOG_COMPILER_GLOBAL_ACCENT_COLOR_NAME = AccentColor;
				CODE_SIGN_STYLE = Automatic;
				CURRENT_PROJECT_VERSION = 1;
				DEVELOPMENT_TEAM = U3JVKXBUR3;
				GENERATE_INFOPLIST_FILE = YES;
				INFOPLIST_FILE = SnapshotDemoApp/Info.plist;
				INFOPLIST_KEY_UIApplicationSupportsIndirectInputEvents = YES;
				INFOPLIST_KEY_UILaunchStoryboardName = LaunchScreen;
				INFOPLIST_KEY_UISupportedInterfaceOrientations_iPad = "UIInterfaceOrientationPortrait UIInterfaceOrientationPortraitUpsideDown UIInterfaceOrientationLandscapeLeft UIInterfaceOrientationLandscapeRight";
				INFOPLIST_KEY_UISupportedInterfaceOrientations_iPhone = "UIInterfaceOrientationPortrait UIInterfaceOrientationLandscapeLeft UIInterfaceOrientationLandscapeRight";
				LD_RUNPATH_SEARCH_PATHS = (
					"$(inherited)",
					"@executable_path/Frameworks",
				);
				MARKETING_VERSION = 1.0;
				PRODUCT_BUNDLE_IDENTIFIER = nz.co.appjedi.SnapshotDemoApp;
				PRODUCT_NAME = "$(TARGET_NAME)";
				SWIFT_EMIT_LOC_STRINGS = YES;
				SWIFT_VERSION = 5.0;
				TARGETED_DEVICE_FAMILY = "1,2";
			};
			name = Release;
		};
		7DFF23302ACAC4640082D918 /* Debug */ = {
			isa = XCBuildConfiguration;
			buildSettings = {
				ALWAYS_EMBED_SWIFT_STANDARD_LIBRARIES = YES;
				BUNDLE_LOADER = "$(TEST_HOST)";
				CODE_SIGN_STYLE = Automatic;
				CURRENT_PROJECT_VERSION = 1;
				DEVELOPMENT_TEAM = U3JVKXBUR3;
				GENERATE_INFOPLIST_FILE = YES;
				IPHONEOS_DEPLOYMENT_TARGET = 17.0;
				MARKETING_VERSION = 1.0;
				PRODUCT_BUNDLE_IDENTIFIER = nz.co.appjedi.SnapshotDemoAppTests;
				PRODUCT_NAME = "$(TARGET_NAME)";
				SWIFT_EMIT_LOC_STRINGS = NO;
				SWIFT_VERSION = 5.0;
				TARGETED_DEVICE_FAMILY = "1,2";
				TEST_HOST = "$(BUILT_PRODUCTS_DIR)/SnapshotDemoApp.app/$(BUNDLE_EXECUTABLE_FOLDER_PATH)/SnapshotDemoApp";
			};
			name = Debug;
		};
		7DFF23312ACAC4640082D918 /* Release */ = {
			isa = XCBuildConfiguration;
			buildSettings = {
				ALWAYS_EMBED_SWIFT_STANDARD_LIBRARIES = YES;
				BUNDLE_LOADER = "$(TEST_HOST)";
				CODE_SIGN_STYLE = Automatic;
				CURRENT_PROJECT_VERSION = 1;
				DEVELOPMENT_TEAM = U3JVKXBUR3;
				GENERATE_INFOPLIST_FILE = YES;
				IPHONEOS_DEPLOYMENT_TARGET = 17.0;
				MARKETING_VERSION = 1.0;
				PRODUCT_BUNDLE_IDENTIFIER = nz.co.appjedi.SnapshotDemoAppTests;
				PRODUCT_NAME = "$(TARGET_NAME)";
				SWIFT_EMIT_LOC_STRINGS = NO;
				SWIFT_VERSION = 5.0;
				TARGETED_DEVICE_FAMILY = "1,2";
				TEST_HOST = "$(BUILT_PRODUCTS_DIR)/SnapshotDemoApp.app/$(BUNDLE_EXECUTABLE_FOLDER_PATH)/SnapshotDemoApp";
			};
			name = Release;
		};
		7DFF23332ACAC4640082D918 /* Debug */ = {
			isa = XCBuildConfiguration;
			buildSettings = {
				ALWAYS_EMBED_SWIFT_STANDARD_LIBRARIES = YES;
				CODE_SIGN_STYLE = Automatic;
				CURRENT_PROJECT_VERSION = 1;
				DEVELOPMENT_TEAM = U3JVKXBUR3;
				GENERATE_INFOPLIST_FILE = YES;
				MARKETING_VERSION = 1.0;
				PRODUCT_BUNDLE_IDENTIFIER = nz.co.appjedi.SnapshotDemoAppUITests;
				PRODUCT_NAME = "$(TARGET_NAME)";
				SWIFT_EMIT_LOC_STRINGS = NO;
				SWIFT_VERSION = 5.0;
				TARGETED_DEVICE_FAMILY = "1,2";
				TEST_TARGET_NAME = SnapshotDemoApp;
			};
			name = Debug;
		};
		7DFF23342ACAC4640082D918 /* Release */ = {
			isa = XCBuildConfiguration;
			buildSettings = {
				ALWAYS_EMBED_SWIFT_STANDARD_LIBRARIES = YES;
				CODE_SIGN_STYLE = Automatic;
				CURRENT_PROJECT_VERSION = 1;
				DEVELOPMENT_TEAM = U3JVKXBUR3;
				GENERATE_INFOPLIST_FILE = YES;
				MARKETING_VERSION = 1.0;
				PRODUCT_BUNDLE_IDENTIFIER = nz.co.appjedi.SnapshotDemoAppUITests;
				PRODUCT_NAME = "$(TARGET_NAME)";
				SWIFT_EMIT_LOC_STRINGS = NO;
				SWIFT_VERSION = 5.0;
				TARGETED_DEVICE_FAMILY = "1,2";
				TEST_TARGET_NAME = SnapshotDemoApp;
			};
			name = Release;
		};
/* End XCBuildConfiguration section */

/* Begin XCConfigurationList section */
		7DFF22FD2ACAC4630082D918 /* Build configuration list for PBXProject "SnapshotDemoApp" */ = {
			isa = XCConfigurationList;
			buildConfigurations = (
				7DFF232A2ACAC4640082D918 /* Debug */,
				7DFF232B2ACAC4640082D918 /* Release */,
			);
			defaultConfigurationIsVisible = 0;
			defaultConfigurationName = Release;
		};
		7DFF232C2ACAC4640082D918 /* Build configuration list for PBXNativeTarget "SnapshotDemoApp" */ = {
			isa = XCConfigurationList;
			buildConfigurations = (
				7DFF232D2ACAC4640082D918 /* Debug */,
				7DFF232E2ACAC4640082D918 /* Release */,
			);
			defaultConfigurationIsVisible = 0;
			defaultConfigurationName = Release;
		};
		7DFF232F2ACAC4640082D918 /* Build configuration list for PBXNativeTarget "SnapshotDemoAppTests" */ = {
			isa = XCConfigurationList;
			buildConfigurations = (
				7DFF23302ACAC4640082D918 /* Debug */,
				7DFF23312ACAC4640082D918 /* Release */,
			);
			defaultConfigurationIsVisible = 0;
			defaultConfigurationName = Release;
		};
		7DFF23322ACAC4640082D918 /* Build configuration list for PBXNativeTarget "SnapshotDemoAppUITests" */ = {
			isa = XCConfigurationList;
			buildConfigurations = (
				7DFF23332ACAC4640082D918 /* Debug */,
				7DFF23342ACAC4640082D918 /* Release */,
			);
			defaultConfigurationIsVisible = 0;
			defaultConfigurationName = Release;
		};
/* End XCConfigurationList section */

/* Begin XCRemoteSwiftPackageReference section */
		7DD5C8E52ACACFB30052232E /* XCRemoteSwiftPackageReference "swift-snapshot-testing" */ = {
			isa = XCRemoteSwiftPackageReference;
			repositoryURL = "https://github.com/pointfreeco/swift-snapshot-testing";
			requirement = {
				kind = upToNextMajorVersion;
				minimumVersion = 1.13.0;
			};
		};
/* End XCRemoteSwiftPackageReference section */

/* Begin XCSwiftPackageProductDependency section */
		7DD5C8EB2ACAD01C0052232E /* SnapshotTesting */ = {
			isa = XCSwiftPackageProductDependency;
			package = 7DD5C8E52ACACFB30052232E /* XCRemoteSwiftPackageReference "swift-snapshot-testing" */;
			productName = SnapshotTesting;
		};
		7DD5C8ED2ACAD0420052232E /* InlineSnapshotTesting */ = {
			isa = XCSwiftPackageProductDependency;
			package = 7DD5C8E52ACACFB30052232E /* XCRemoteSwiftPackageReference "swift-snapshot-testing" */;
			productName = InlineSnapshotTesting;
		};
		7DD5C8EF2ACAD0870052232E /* InlineSnapshotTesting */ = {
			isa = XCSwiftPackageProductDependency;
			package = 7DD5C8E52ACACFB30052232E /* XCRemoteSwiftPackageReference "swift-snapshot-testing" */;
			productName = InlineSnapshotTesting;
		};
		7DD5C8F12ACAD0870052232E /* SnapshotTesting */ = {
			isa = XCSwiftPackageProductDependency;
			package = 7DD5C8E52ACACFB30052232E /* XCRemoteSwiftPackageReference "swift-snapshot-testing" */;
			productName = SnapshotTesting;
		};
/* End XCSwiftPackageProductDependency section */
	};
	rootObject = 7DFF22FA2ACAC4630082D918 /* Project object */;
}
